
Microsoft Visual Studio Solution File, Format Version 12.00
# Visual Studio Version 16
VisualStudioVersion = 16.0.31702.278
MinimumVisualStudioVersion = 10.0.40219.1
Project("{FAE04EC0-301F-11D3-BF4B-00C04F79EFBC}") = "ProgettoDircol_ASP", "ProgettoDircol_ASP\ProgettoDircol_ASP.csproj", "{E4C1C0B8-5362-4F51-B3A1-65F92B307DA6}"
EndProject
Global
	GlobalSection(SolutionConfigurationPlatforms) = preSolution
		Debug|Any CPU = Debug|Any CPU
		Release|Any CPU = Release|Any CPU
	EndGlobalSection
	GlobalSection(ProjectConfigurationPlatforms) = postSolution
		{E4C1C0B8-5362-4F51-B3A1-65F92B307DA6}.Debug|Any CPU.ActiveCfg = Debug|Any CPU
		{E4C1C0B8-5362-4F51-B3A1-65F92B307DA6}.Debug|Any CPU.Build.0 = Debug|Any CPU
		{E4C1C0B8-5362-4F51-B3A1-65F92B307DA6}.Release|Any CPU.ActiveCfg = Release|Any CPU
		{E4C1C0B8-5362-4F51-B3A1-65F92B307DA6}.Release|Any CPU.Build.0 = Release|Any CPU
	EndGlobalSection
	GlobalSection(SolutionProperties) = preSolution
		HideSolutionNode = FALSE
	EndGlobalSection
	GlobalSection(ExtensibilityGlobals) = postSolution
		SolutionGuid = {420C68A6-2F1F-4E9A-8C84-0D4DE8FEE8FC}
	EndGlobalSection
EndGlobal
